
Microsoft Visual Studio Solution File, Format Version 12.00
# Visual Studio Version 17
VisualStudioVersion = 17.7.34202.233
MinimumVisualStudioVersion = 10.0.40219.1
Project("{8BC9CEB8-8B4A-11D0-8D11-00A0C91BC942}") = "数组补充", "数组补充\数组补充.vcxproj", "{D3759842-EAC8-442C-A219-5374B4212CFD}"
EndProject
Global
	GlobalSection(SolutionConfigurationPlatforms) = preSolution
		Debug|x64 = Debug|x64
		Debug|x86 = Debug|x86
		Release|x64 = Release|x64
		Release|x86 = Release|x86
	EndGlobalSection
	GlobalSection(ProjectConfigurationPlatforms) = postSolution
		{D3759842-EAC8-442C-A219-5374B4212CFD}.Debug|x64.ActiveCfg = Debug|x64
		{D3759842-EAC8-442C-A219-5374B4212CFD}.Debug|x64.Build.0 = Debug|x64
		{D3759842-EAC8-442C-A219-5374B4212CFD}.Debug|x86.ActiveCfg = Debug|Win32
		{D3759842-EAC8-442C-A219-5374B4212CFD}.Debug|x86.Build.0 = Debug|Win32
		{D3759842-EAC8-442C-A219-5374B4212CFD}.Release|x64.ActiveCfg = Release|x64
		{D3759842-EAC8-442C-A219-5374B4212CFD}.Release|x64.Build.0 = Release|x64
		{D3759842-EAC8-442C-A219-5374B4212CFD}.Release|x86.ActiveCfg = Release|Win32
		{D3759842-EAC8-442C-A219-5374B4212CFD}.Release|x86.Build.0 = Release|Win32
	EndGlobalSection
	GlobalSection(SolutionProperties) = preSolution
		HideSolutionNode = FALSE
	EndGlobalSection
	GlobalSection(ExtensibilityGlobals) = postSolution
		SolutionGuid = {DF523F37-2B83-4A2B-AABE-C13C4E7B9831}
	EndGlobalSection
EndGlobal
